
Microsoft Visual Studio Solution File, Format Version 12.00
# Visual Studio Version 16
VisualStudioVersion = 16.0.30611.23
MinimumVisualStudioVersion = 10.0.40219.1
Project("{FAE04EC0-301F-11D3-BF4B-00C04F79EFBC}") = "US_Real_Fake_news_election", "US_Real_Fake_news_election\US_Real_Fake_news_election.csproj", "{FB3151A7-4BAE-4005-8F19-C8ECB079D259}"
EndProject
Global
	GlobalSection(SolutionConfigurationPlatforms) = preSolution
		Debug|Any CPU = Debug|Any CPU
		Release|Any CPU = Release|Any CPU
	EndGlobalSection
	GlobalSection(ProjectConfigurationPlatforms) = postSolution
		{FB3151A7-4BAE-4005-8F19-C8ECB079D259}.Debug|Any CPU.ActiveCfg = Debug|Any CPU
		{FB3151A7-4BAE-4005-8F19-C8ECB079D259}.Debug|Any CPU.Build.0 = Debug|Any CPU
		{FB3151A7-4BAE-4005-8F19-C8ECB079D259}.Release|Any CPU.ActiveCfg = Release|Any CPU
		{FB3151A7-4BAE-4005-8F19-C8ECB079D259}.Release|Any CPU.Build.0 = Release|Any CPU
	EndGlobalSection
	GlobalSection(SolutionProperties) = preSolution
		HideSolutionNode = FALSE
	EndGlobalSection
	GlobalSection(ExtensibilityGlobals) = postSolution
		SolutionGuid = {630FAF1E-9A44-4BA7-B1F3-9C10E0F1CFAE}
	EndGlobalSection
EndGlobal
